{
  "nodes": {
    "nixpkgs": {
      "locked": {
        "lastModified": 1692224951,
        "narHash": "sha256-/HnsklSkpOeGLSu1WEeug9ly0AhldpP4TKsFYlZlnHA=",
        "owner": "NixOS",
        "repo": "nixpkgs",
        "rev": "1fc281902d7bf2702e7ae556ae5d82abac77d7b9",
        "type": "github"
      },
      "original": {
        "owner": "NixOS",
        "repo": "nixpkgs",
        "type": "github"
      }
    },
    "root": {
      "inputs": {
        "nixpkgs": "nixpkgs"
      }
    }
  },
  "root": "root",
  "version": 7
}
